
Microsoft Visual Studio Solution File, Format Version 12.00
# Visual Studio Version 17
VisualStudioVersion = 17.0.32112.339
MinimumVisualStudioVersion = 10.0.40219.1
Project("{FAE04EC0-301F-11D3-BF4B-00C04F79EFBC}") = "MusicSystem", "MusicSystem\MusicSystem.csproj", "{D529E38B-0FDE-4A73-9119-F3B72F5C6254}"
EndProject
Global
	GlobalSection(SolutionConfigurationPlatforms) = preSolution
		Debug|Any CPU = Debug|Any CPU
		Release|Any CPU = Release|Any CPU
	EndGlobalSection
	GlobalSection(ProjectConfigurationPlatforms) = postSolution
		{D529E38B-0FDE-4A73-9119-F3B72F5C6254}.Debug|Any CPU.ActiveCfg = Debug|Any CPU
		{D529E38B-0FDE-4A73-9119-F3B72F5C6254}.Debug|Any CPU.Build.0 = Debug|Any CPU
		{D529E38B-0FDE-4A73-9119-F3B72F5C6254}.Release|Any CPU.ActiveCfg = Release|Any CPU
		{D529E38B-0FDE-4A73-9119-F3B72F5C6254}.Release|Any CPU.Build.0 = Release|Any CPU
	EndGlobalSection
	GlobalSection(SolutionProperties) = preSolution
		HideSolutionNode = FALSE
	EndGlobalSection
	GlobalSection(ExtensibilityGlobals) = postSolution
		SolutionGuid = {1827401D-F363-43A3-96A6-31BBB911AB3D}
	EndGlobalSection
EndGlobal
